
Microsoft Visual Studio Solution File, Format Version 12.00
# Visual Studio Version 17
VisualStudioVersion = 17.14.36202.13
MinimumVisualStudioVersion = 10.0.40219.1
Project("{FAE04EC0-301F-11D3-BF4B-00C04F79EFBC}") = "TeklasApi", "Teklas_Intern_ERP\TeklasApi.csproj", "{A1B2C3D4-E5F6-7890-ABCD-EF1234567890}"
EndProject
Project("{FAE04EC0-301F-11D3-BF4B-00C04F79EFBC}") = "Business", "Teklas_Intern_ERP.Business\Business.csproj", "{B1C5B1A0-B4D4-43A8-979E-93A69CBB8B10}"
EndProject
Project("{FAE04EC0-301F-11D3-BF4B-00C04F79EFBC}") = "DataAccess", "Teklas_Intern_ERP.DataAccess\DataAccess.csproj", "{3C78BC79-2E4D-4C02-84E1-4A718D00233C}"
EndProject
Project("{FAE04EC0-301F-11D3-BF4B-00C04F79EFBC}") = "DTOs", "Teklas_Intern_ERP.DTOs\DTOs.csproj", "{9E5902AF-B9F3-401F-9A38-4726B364F139}"
EndProject
Project("{FAE04EC0-301F-11D3-BF4B-00C04F79EFBC}") = "Entities", "Teklas_Intern_ERP.Entities\Entities.csproj", "{89AA6496-9F6B-4556-A5C8-4A998EF89B8F}"
EndProject
Global
	GlobalSection(SolutionConfigurationPlatforms) = preSolution
		Debug|Any CPU = Debug|Any CPU
		Debug|x64 = Debug|x64
		Debug|x86 = Debug|x86
		Release|Any CPU = Release|Any CPU
		Release|x64 = Release|x64
		Release|x86 = Release|x86
	EndGlobalSection
	GlobalSection(ProjectConfigurationPlatforms) = postSolution
		{A1B2C3D4-E5F6-7890-ABCD-EF1234567890}.Debug|Any CPU.ActiveCfg = Debug|Any CPU
		{A1B2C3D4-E5F6-7890-ABCD-EF1234567890}.Debug|Any CPU.Build.0 = Debug|Any CPU
		{A1B2C3D4-E5F6-7890-ABCD-EF1234567890}.Debug|x64.ActiveCfg = Debug|Any CPU
		{A1B2C3D4-E5F6-7890-ABCD-EF1234567890}.Debug|x64.Build.0 = Debug|Any CPU
		{A1B2C3D4-E5F6-7890-ABCD-EF1234567890}.Debug|x86.ActiveCfg = Debug|Any CPU
		{A1B2C3D4-E5F6-7890-ABCD-EF1234567890}.Debug|x86.Build.0 = Debug|Any CPU
		{A1B2C3D4-E5F6-7890-ABCD-EF1234567890}.Release|Any CPU.ActiveCfg = Release|Any CPU
		{A1B2C3D4-E5F6-7890-ABCD-EF1234567890}.Release|Any CPU.Build.0 = Release|Any CPU
		{A1B2C3D4-E5F6-7890-ABCD-EF1234567890}.Release|x64.ActiveCfg = Release|Any CPU
		{A1B2C3D4-E5F6-7890-ABCD-EF1234567890}.Release|x64.Build.0 = Release|Any CPU
		{A1B2C3D4-E5F6-7890-ABCD-EF1234567890}.Release|x86.ActiveCfg = Release|Any CPU
		{A1B2C3D4-E5F6-7890-ABCD-EF1234567890}.Release|x86.Build.0 = Release|Any CPU
		{B1C5B1A0-B4D4-43A8-979E-93A69CBB8B10}.Debug|Any CPU.ActiveCfg = Debug|Any CPU
		{B1C5B1A0-B4D4-43A8-979E-93A69CBB8B10}.Debug|Any CPU.Build.0 = Debug|Any CPU
		{B1C5B1A0-B4D4-43A8-979E-93A69CBB8B10}.Debug|x64.ActiveCfg = Debug|Any CPU
		{B1C5B1A0-B4D4-43A8-979E-93A69CBB8B10}.Debug|x64.Build.0 = Debug|Any CPU
		{B1C5B1A0-B4D4-43A8-979E-93A69CBB8B10}.Debug|x86.ActiveCfg = Debug|Any CPU
		{B1C5B1A0-B4D4-43A8-979E-93A69CBB8B10}.Debug|x86.Build.0 = Debug|Any CPU
		{B1C5B1A0-B4D4-43A8-979E-93A69CBB8B10}.Release|Any CPU.ActiveCfg = Release|Any CPU
		{B1C5B1A0-B4D4-43A8-979E-93A69CBB8B10}.Release|Any CPU.Build.0 = Release|Any CPU
		{B1C5B1A0-B4D4-43A8-979E-93A69CBB8B10}.Release|x64.ActiveCfg = Release|Any CPU
		{B1C5B1A0-B4D4-43A8-979E-93A69CBB8B10}.Release|x64.Build.0 = Release|Any CPU
		{B1C5B1A0-B4D4-43A8-979E-93A69CBB8B10}.Release|x86.ActiveCfg = Release|Any CPU
		{B1C5B1A0-B4D4-43A8-979E-93A69CBB8B10}.Release|x86.Build.0 = Release|Any CPU
		{3C78BC79-2E4D-4C02-84E1-4A718D00233C}.Debug|Any CPU.ActiveCfg = Debug|Any CPU
		{3C78BC79-2E4D-4C02-84E1-4A718D00233C}.Debug|Any CPU.Build.0 = Debug|Any CPU
		{3C78BC79-2E4D-4C02-84E1-4A718D00233C}.Debug|x64.ActiveCfg = Debug|Any CPU
		{3C78BC79-2E4D-4C02-84E1-4A718D00233C}.Debug|x64.Build.0 = Debug|Any CPU
		{3C78BC79-2E4D-4C02-84E1-4A718D00233C}.Debug|x86.ActiveCfg = Debug|Any CPU
		{3C78BC79-2E4D-4C02-84E1-4A718D00233C}.Debug|x86.Build.0 = Debug|Any CPU
		{3C78BC79-2E4D-4C02-84E1-4A718D00233C}.Release|Any CPU.ActiveCfg = Release|Any CPU
		{3C78BC79-2E4D-4C02-84E1-4A718D00233C}.Release|Any CPU.Build.0 = Release|Any CPU
		{3C78BC79-2E4D-4C02-84E1-4A718D00233C}.Release|x64.ActiveCfg = Release|Any CPU
		{3C78BC79-2E4D-4C02-84E1-4A718D00233C}.Release|x64.Build.0 = Release|Any CPU
		{3C78BC79-2E4D-4C02-84E1-4A718D00233C}.Release|x86.ActiveCfg = Release|Any CPU
		{3C78BC79-2E4D-4C02-84E1-4A718D00233C}.Release|x86.Build.0 = Release|Any CPU
		{9E5902AF-B9F3-401F-9A38-4726B364F139}.Debug|Any CPU.ActiveCfg = Debug|Any CPU
		{9E5902AF-B9F3-401F-9A38-4726B364F139}.Debug|Any CPU.Build.0 = Debug|Any CPU
		{9E5902AF-B9F3-401F-9A38-4726B364F139}.Debug|x64.ActiveCfg = Debug|Any CPU
		{9E5902AF-B9F3-401F-9A38-4726B364F139}.Debug|x64.Build.0 = Debug|Any CPU
		{9E5902AF-B9F3-401F-9A38-4726B364F139}.Debug|x86.ActiveCfg = Debug|Any CPU
		{9E5902AF-B9F3-401F-9A38-4726B364F139}.Debug|x86.Build.0 = Debug|Any CPU
		{9E5902AF-B9F3-401F-9A38-4726B364F139}.Release|Any CPU.ActiveCfg = Release|Any CPU
		{9E5902AF-B9F3-401F-9A38-4726B364F139}.Release|Any CPU.Build.0 = Release|Any CPU
		{9E5902AF-B9F3-401F-9A38-4726B364F139}.Release|x64.ActiveCfg = Release|Any CPU
		{9E5902AF-B9F3-401F-9A38-4726B364F139}.Release|x64.Build.0 = Release|Any CPU
		{9E5902AF-B9F3-401F-9A38-4726B364F139}.Release|x86.ActiveCfg = Release|Any CPU
		{9E5902AF-B9F3-401F-9A38-4726B364F139}.Release|x86.Build.0 = Release|Any CPU
		{89AA6496-9F6B-4556-A5C8-4A998EF89B8F}.Debug|Any CPU.ActiveCfg = Debug|Any CPU
		{89AA6496-9F6B-4556-A5C8-4A998EF89B8F}.Debug|Any CPU.Build.0 = Debug|Any CPU
		{89AA6496-9F6B-4556-A5C8-4A998EF89B8F}.Debug|x64.ActiveCfg = Debug|Any CPU
		{89AA6496-9F6B-4556-A5C8-4A998EF89B8F}.Debug|x64.Build.0 = Debug|Any CPU
		{89AA6496-9F6B-4556-A5C8-4A998EF89B8F}.Debug|x86.ActiveCfg = Debug|Any CPU
		{89AA6496-9F6B-4556-A5C8-4A998EF89B8F}.Debug|x86.Build.0 = Debug|Any CPU
		{89AA6496-9F6B-4556-A5C8-4A998EF89B8F}.Release|Any CPU.ActiveCfg = Release|Any CPU
		{89AA6496-9F6B-4556-A5C8-4A998EF89B8F}.Release|Any CPU.Build.0 = Release|Any CPU
		{89AA6496-9F6B-4556-A5C8-4A998EF89B8F}.Release|x64.ActiveCfg = Release|Any CPU
		{89AA6496-9F6B-4556-A5C8-4A998EF89B8F}.Release|x64.Build.0 = Release|Any CPU
		{89AA6496-9F6B-4556-A5C8-4A998EF89B8F}.Release|x86.ActiveCfg = Release|Any CPU
		{89AA6496-9F6B-4556-A5C8-4A998EF89B8F}.Release|x86.Build.0 = Release|Any CPU
	EndGlobalSection
	GlobalSection(SolutionProperties) = preSolution
		HideSolutionNode = FALSE
	EndGlobalSection
	GlobalSection(ExtensibilityGlobals) = postSolution
		SolutionGuid = {4387849D-4187-4C63-8892-6DCF505E64FE}
	EndGlobalSection
EndGlobal
